
Microsoft Visual Studio Solution File, Format Version 12.00
# Visual Studio Version 16
VisualStudioVersion = 16.0.35229.62
MinimumVisualStudioVersion = 10.0.40219.1
Project("{FAE04EC0-301F-11D3-BF4B-00C04F79EFBC}") = "INFM201", "INFM201.csproj", "{9988F00F-98FE-43C4-9197-22A7269760DA}"
EndProject
Global
	GlobalSection(SolutionConfigurationPlatforms) = preSolution
		Debug|Any CPU = Debug|Any CPU
		Release|Any CPU = Release|Any CPU
	EndGlobalSection
	GlobalSection(ProjectConfigurationPlatforms) = postSolution
		{9988F00F-98FE-43C4-9197-22A7269760DA}.Debug|Any CPU.ActiveCfg = Debug|Any CPU
		{9988F00F-98FE-43C4-9197-22A7269760DA}.Debug|Any CPU.Build.0 = Debug|Any CPU
		{9988F00F-98FE-43C4-9197-22A7269760DA}.Release|Any CPU.ActiveCfg = Release|Any CPU
		{9988F00F-98FE-43C4-9197-22A7269760DA}.Release|Any CPU.Build.0 = Release|Any CPU
	EndGlobalSection
	GlobalSection(SolutionProperties) = preSolution
		HideSolutionNode = FALSE
	EndGlobalSection
	GlobalSection(ExtensibilityGlobals) = postSolution
		SolutionGuid = {983EFDC1-5FBE-4FA8-B7CA-3BF11107DBBE}
	EndGlobalSection
EndGlobal
